
Microsoft Visual Studio Solution File, Format Version 12.00
# Visual Studio 14
VisualStudioVersion = 14.0.25420.1
MinimumVisualStudioVersion = 10.0.40219.1
Project("{FAE04EC0-301F-11D3-BF4B-00C04F79EFBC}") = "BookStore.WebUI", "BookStore.WebUI\BookStore.WebUI.csproj", "{ABE65862-2634-48DC-B4F5-2E0C2C1F2EAD}"
EndProject
Project("{FAE04EC0-301F-11D3-BF4B-00C04F79EFBC}") = "BookStore.UnitTests", "BookStore.UnitTests\BookStore.UnitTests.csproj", "{E8397469-C333-47EE-9BC3-36753149CAA6}"
EndProject
Project("{FAE04EC0-301F-11D3-BF4B-00C04F79EFBC}") = "BookStore.Domain", "BookStore.Domain\BookStore.Domain.csproj", "{649B7B41-CA00-4BB8-9173-65EB6414ADB2}"
EndProject
Global
	GlobalSection(SolutionConfigurationPlatforms) = preSolution
		Debug|Any CPU = Debug|Any CPU
		Release|Any CPU = Release|Any CPU
	EndGlobalSection
	GlobalSection(ProjectConfigurationPlatforms) = postSolution
		{ABE65862-2634-48DC-B4F5-2E0C2C1F2EAD}.Debug|Any CPU.ActiveCfg = Debug|Any CPU
		{ABE65862-2634-48DC-B4F5-2E0C2C1F2EAD}.Debug|Any CPU.Build.0 = Debug|Any CPU
		{ABE65862-2634-48DC-B4F5-2E0C2C1F2EAD}.Release|Any CPU.ActiveCfg = Release|Any CPU
		{ABE65862-2634-48DC-B4F5-2E0C2C1F2EAD}.Release|Any CPU.Build.0 = Release|Any CPU
		{E8397469-C333-47EE-9BC3-36753149CAA6}.Debug|Any CPU.ActiveCfg = Debug|Any CPU
		{E8397469-C333-47EE-9BC3-36753149CAA6}.Debug|Any CPU.Build.0 = Debug|Any CPU
		{E8397469-C333-47EE-9BC3-36753149CAA6}.Release|Any CPU.ActiveCfg = Release|Any CPU
		{E8397469-C333-47EE-9BC3-36753149CAA6}.Release|Any CPU.Build.0 = Release|Any CPU
		{649B7B41-CA00-4BB8-9173-65EB6414ADB2}.Debug|Any CPU.ActiveCfg = Debug|Any CPU
		{649B7B41-CA00-4BB8-9173-65EB6414ADB2}.Debug|Any CPU.Build.0 = Debug|Any CPU
		{649B7B41-CA00-4BB8-9173-65EB6414ADB2}.Release|Any CPU.ActiveCfg = Release|Any CPU
		{649B7B41-CA00-4BB8-9173-65EB6414ADB2}.Release|Any CPU.Build.0 = Release|Any CPU
	EndGlobalSection
	GlobalSection(SolutionProperties) = preSolution
		HideSolutionNode = FALSE
	EndGlobalSection
EndGlobal
